
Microsoft Visual Studio Solution File, Format Version 12.00
# Visual Studio 2012
Project("{FAE04EC0-301F-11D3-BF4B-00C04F79EFBC}") = "assignment3.2", "assignment3.2\assignment3.2.csproj", "{CBBD7769-2622-4C46-AD4F-C19D6A49AE79}"
EndProject
Global
	GlobalSection(SolutionConfigurationPlatforms) = preSolution
		Debug|Any CPU = Debug|Any CPU
		Release|Any CPU = Release|Any CPU
	EndGlobalSection
	GlobalSection(ProjectConfigurationPlatforms) = postSolution
		{CBBD7769-2622-4C46-AD4F-C19D6A49AE79}.Debug|Any CPU.ActiveCfg = Debug|Any CPU
		{CBBD7769-2622-4C46-AD4F-C19D6A49AE79}.Debug|Any CPU.Build.0 = Debug|Any CPU
		{CBBD7769-2622-4C46-AD4F-C19D6A49AE79}.Release|Any CPU.ActiveCfg = Release|Any CPU
		{CBBD7769-2622-4C46-AD4F-C19D6A49AE79}.Release|Any CPU.Build.0 = Release|Any CPU
	EndGlobalSection
	GlobalSection(SolutionProperties) = preSolution
		HideSolutionNode = FALSE
	EndGlobalSection
EndGlobal
