
Microsoft Visual Studio Solution File, Format Version 12.00
# Visual Studio 2012
Project("{FAE04EC0-301F-11D3-BF4B-00C04F79EFBC}") = "LearningObjects", "LearningObjects\LearningObjects.csproj", "{540078BD-F52B-4EB8-8B14-6B1F8180FD1F}"
EndProject
Global
	GlobalSection(SolutionConfigurationPlatforms) = preSolution
		Debug|Any CPU = Debug|Any CPU
		Release|Any CPU = Release|Any CPU
	EndGlobalSection
	GlobalSection(ProjectConfigurationPlatforms) = postSolution
		{540078BD-F52B-4EB8-8B14-6B1F8180FD1F}.Debug|Any CPU.ActiveCfg = Debug|Any CPU
		{540078BD-F52B-4EB8-8B14-6B1F8180FD1F}.Debug|Any CPU.Build.0 = Debug|Any CPU
		{540078BD-F52B-4EB8-8B14-6B1F8180FD1F}.Release|Any CPU.ActiveCfg = Release|Any CPU
		{540078BD-F52B-4EB8-8B14-6B1F8180FD1F}.Release|Any CPU.Build.0 = Release|Any CPU
	EndGlobalSection
	GlobalSection(SolutionProperties) = preSolution
		HideSolutionNode = FALSE
	EndGlobalSection
EndGlobal
